
Microsoft Visual Studio Solution File, Format Version 12.00
# Visual Studio Version 16
VisualStudioVersion = 16.0.32802.440
MinimumVisualStudioVersion = 10.0.40219.1
Project("{FAE04EC0-301F-11D3-BF4B-00C04F79EFBC}") = "SunExample", "SunExample.csproj", "{EF68EAC4-DAE0-4FBD-91BF-36867A92B8DC}"
EndProject
Global
	GlobalSection(SolutionConfigurationPlatforms) = preSolution
		Debug|Any CPU = Debug|Any CPU
		Release|Any CPU = Release|Any CPU
	EndGlobalSection
	GlobalSection(ProjectConfigurationPlatforms) = postSolution
		{EF68EAC4-DAE0-4FBD-91BF-36867A92B8DC}.Debug|Any CPU.ActiveCfg = Debug|Any CPU
		{EF68EAC4-DAE0-4FBD-91BF-36867A92B8DC}.Debug|Any CPU.Build.0 = Debug|Any CPU
		{EF68EAC4-DAE0-4FBD-91BF-36867A92B8DC}.Release|Any CPU.ActiveCfg = Release|Any CPU
		{EF68EAC4-DAE0-4FBD-91BF-36867A92B8DC}.Release|Any CPU.Build.0 = Release|Any CPU
	EndGlobalSection
	GlobalSection(SolutionProperties) = preSolution
		HideSolutionNode = FALSE
	EndGlobalSection
	GlobalSection(ExtensibilityGlobals) = postSolution
		SolutionGuid = {B055E77A-7BED-4689-9FC6-7B654BDE2D91}
	EndGlobalSection
EndGlobal
